// !$*UTF8*$!
{
	archiveVersion = 1;
	classes = {
	};
	objectVersion = 48;
	objects = {

/* Begin PBXBuildFile section */
		040294C91F7B694700822444 /* AppDelegate.swift in Sources */ = {isa = PBXBuildFile; fileRef = 040294C81F7B694700822444 /* AppDelegate.swift */; };
		040294CB1F7B694700822444 /* ViewController.swift in Sources */ = {isa = PBXBuildFile; fileRef = 040294CA1F7B694700822444 /* ViewController.swift */; };
		040294CE1F7B694700822444 /* Main.storyboard in Resources */ = {isa = PBXBuildFile; fileRef = 040294CC1F7B694700822444 /* Main.storyboard */; };
		040294D01F7B694700822444 /* Assets.xcassets in Resources */ = {isa = PBXBuildFile; fileRef = 040294CF1F7B694700822444 /* Assets.xcassets */; };
		040294D31F7B694700822444 /* LaunchScreen.storyboard in Resources */ = {isa = PBXBuildFile; fileRef = 040294D11F7B694700822444 /* LaunchScreen.storyboard */; };
		040294DE1F7B694700822444 /* saveTests.swift in Sources */ = {isa = PBXBuildFile; fileRef = 040294DD1F7B694700822444 /* saveTests.swift */; };
		040294E91F7B694700822444 /* saveUITests.swift in Sources */ = {isa = PBXBuildFile; fileRef = 040294E81F7B694700822444 /* saveUITests.swift */; };
/* End PBXBuildFile section */

/* Begin PBXContainerItemProxy section */
		040294DA1F7B694700822444 /* PBXContainerItemProxy */ = {
			isa = PBXContainerItemProxy;
			containerPortal = 040294BD1F7B694700822444 /* Project object */;
			proxyType = 1;
			remoteGlobalIDString = 040294C41F7B694700822444;
			remoteInfo = save;
		};
		040294E51F7B694700822444 /* PBXContainerItemProxy */ = {
			isa = PBXContainerItemProxy;
			containerPortal = 040294BD1F7B694700822444 /* Project object */;
			proxyType = 1;
			remoteGlobalIDString = 040294C41F7B694700822444;
			remoteInfo = save;
		};
/* End PBXContainerItemProxy section */

/* Begin PBXFileReference section */
		040294C51F7B694700822444 /* save.app */ = {isa = PBXFileReference; explicitFileType = wrapper.application; includeInIndex = 0; path = save.app; sourceTree = BUILT_PRODUCTS_DIR; };
		040294C81F7B694700822444 /* AppDelegate.swift */ = {isa = PBXFileReference; lastKnownFileType = sourcecode.swift; path = AppDelegate.swift; sourceTree = "<group>"; };
		040294CA1F7B694700822444 /* ViewController.swift */ = {isa = PBXFileReference; lastKnownFileType = sourcecode.swift; path = ViewController.swift; sourceTree = "<group>"; };
		040294CD1F7B694700822444 /* Base */ = {isa = PBXFileReference; lastKnownFileType = file.storyboard; name = Base; path = Base.lproj/Main.storyboard; sourceTree = "<group>"; };
		040294CF1F7B694700822444 /* Assets.xcassets */ = {isa = PBXFileReference; lastKnownFileType = folder.assetcatalog; path = Assets.xcassets; sourceTree = "<group>"; };
		040294D21F7B694700822444 /* Base */ = {isa = PBXFileReference; lastKnownFileType = file.storyboard; name = Base; path = Base.lproj/LaunchScreen.storyboard; sourceTree = "<group>"; };
		040294D41F7B694700822444 /* Info.plist */ = {isa = PBXFileReference; lastKnownFileType = text.plist.xml; path = Info.plist; sourceTree = "<group>"; };
		040294D91F7B694700822444 /* saveTests.xctest */ = {isa = PBXFileReference; explicitFileType = wrapper.cfbundle; includeInIndex = 0; path = saveTests.xctest; sourceTree = BUILT_PRODUCTS_DIR; };
		040294DD1F7B694700822444 /* saveTests.swift */ = {isa = PBXFileReference; lastKnownFileType = sourcecode.swift; path = saveTests.swift; sourceTree = "<group>"; };
		040294DF1F7B694700822444 /* Info.plist */ = {isa = PBXFileReference; lastKnownFileType = text.plist.xml; path = Info.plist; sourceTree = "<group>"; };
		040294E41F7B694700822444 /* saveUITests.xctest */ = {isa = PBXFileReference; explicitFileType = wrapper.cfbundle; includeInIndex = 0; path = saveUITests.xctest; sourceTree = BUILT_PRODUCTS_DIR; };
		040294E81F7B694700822444 /* saveUITests.swift */ = {isa = PBXFileReference; lastKnownFileType = sourcecode.swift; path = saveUITests.swift; sourceTree = "<group>"; };
		040294EA1F7B694700822444 /* Info.plist */ = {isa = PBXFileReference; lastKnownFileType = text.plist.xml; path = Info.plist; sourceTree = "<group>"; };
/* End PBXFileReference section */

/* Begin PBXFrameworksBuildPhase section */
		040294C21F7B694700822444 /* Frameworks */ = {
			isa = PBXFrameworksBuildPhase;
			buildActionMask = 2147483647;
			files = (
			);
			runOnlyForDeploymentPostprocessing = 0;
		};
		040294D61F7B694700822444 /* Frameworks */ = {
			isa = PBXFrameworksBuildPhase;
			buildActionMask = 2147483647;
			files = (
			);
			runOnlyForDeploymentPostprocessing = 0;
		};
		040294E11F7B694700822444 /* Frameworks */ = {
			isa = PBXFrameworksBuildPhase;
			buildActionMask = 2147483647;
			files = (
			);
			runOnlyForDeploymentPostprocessing = 0;
		};
/* End PBXFrameworksBuildPhase section */

/* Begin PBXGroup section */
		040294BC1F7B694700822444 = {
			isa = PBXGroup;
			children = (
				040294C71F7B694700822444 /* save */,
				040294DC1F7B694700822444 /* saveTests */,
				040294E71F7B694700822444 /* saveUITests */,
				040294C61F7B694700822444 /* Products */,
			);
			sourceTree = "<group>";
		};
		040294C61F7B694700822444 /* Products */ = {
			isa = PBXGroup;
			children = (
				040294C51F7B694700822444 /* save.app */,
				040294D91F7B694700822444 /* saveTests.xctest */,
				040294E41F7B694700822444 /* saveUITests.xctest */,
			);
			name = Products;
			sourceTree = "<group>";
		};
		040294C71F7B694700822444 /* save */ = {
			isa = PBXGroup;
			children = (
				040294C81F7B694700822444 /* AppDelegate.swift */,
				040294CA1F7B694700822444 /* ViewController.swift */,
				040294CC1F7B694700822444 /* Main.storyboard */,
				040294CF1F7B694700822444 /* Assets.xcassets */,
				040294D11F7B694700822444 /* LaunchScreen.storyboard */,
				040294D41F7B694700822444 /* Info.plist */,
			);
			path = save;
			sourceTree = "<group>";
		};
		040294DC1F7B694700822444 /* saveTests */ = {
			isa = PBXGroup;
			children = (
				040294DD1F7B694700822444 /* saveTests.swift */,
				040294DF1F7B694700822444 /* Info.plist */,
			);
			path = saveTests;
			sourceTree = "<group>";
		};
		040294E71F7B694700822444 /* saveUITests */ = {
			isa = PBXGroup;
			children = (
				040294E81F7B694700822444 /* saveUITests.swift */,
				040294EA1F7B694700822444 /* Info.plist */,
			);
			path = saveUITests;
			sourceTree = "<group>";
		};
/* End PBXGroup section */

/* Begin PBXNativeTarget section */
		040294C41F7B694700822444 /* save */ = {
			isa = PBXNativeTarget;
			buildConfigurationList = 040294ED1F7B694700822444 /* Build configuration list for PBXNativeTarget "save" */;
			buildPhases = (
				040294C11F7B694700822444 /* Sources */,
				040294C21F7B694700822444 /* Frameworks */,
				040294C31F7B694700822444 /* Resources */,
			);
			buildRules = (
			);
			dependencies = (
			);
			name = save;
			productName = save;
			productReference = 040294C51F7B694700822444 /* save.app */;
			productType = "com.apple.product-type.application";
		};
		040294D81F7B694700822444 /* saveTests */ = {
			isa = PBXNativeTarget;
			buildConfigurationList = 040294F01F7B694700822444 /* Build configuration list for PBXNativeTarget "saveTests" */;
			buildPhases = (
				040294D51F7B694700822444 /* Sources */,
				040294D61F7B694700822444 /* Frameworks */,
				040294D71F7B694700822444 /* Resources */,
			);
			buildRules = (
			);
			dependencies = (
				040294DB1F7B694700822444 /* PBXTargetDependency */,
			);
			name = saveTests;
			productName = saveTests;
			productReference = 040294D91F7B694700822444 /* saveTests.xctest */;
			productType = "com.apple.product-type.bundle.unit-test";
		};
		040294E31F7B694700822444 /* saveUITests */ = {
			isa = PBXNativeTarget;
			buildConfigurationList = 040294F31F7B694700822444 /* Build configuration list for PBXNativeTarget "saveUITests" */;
			buildPhases = (
				040294E01F7B694700822444 /* Sources */,
				040294E11F7B694700822444 /* Frameworks */,
				040294E21F7B694700822444 /* Resources */,
			);
			buildRules = (
			);
			dependencies = (
				040294E61F7B694700822444 /* PBXTargetDependency */,
			);
			name = saveUITests;
			productName = saveUITests;
			productReference = 040294E41F7B694700822444 /* saveUITests.xctest */;
			productType = "com.apple.product-type.bundle.ui-testing";
		};
/* End PBXNativeTarget section */

/* Begin PBXProject section */
		040294BD1F7B694700822444 /* Project object */ = {
			isa = PBXProject;
			attributes = {
				LastSwiftUpdateCheck = 0900;
				LastUpgradeCheck = 0900;
				ORGANIZATIONNAME = "上田　護";
				TargetAttributes = {
					040294C41F7B694700822444 = {
						CreatedOnToolsVersion = 9.0;
						ProvisioningStyle = Automatic;
					};
					040294D81F7B694700822444 = {
						CreatedOnToolsVersion = 9.0;
						ProvisioningStyle = Automatic;
						TestTargetID = 040294C41F7B694700822444;
					};
					040294E31F7B694700822444 = {
						CreatedOnToolsVersion = 9.0;
						ProvisioningStyle = Automatic;
						TestTargetID = 040294C41F7B694700822444;
					};
				};
			};
			buildConfigurationList = 040294C01F7B694700822444 /* Build configuration list for PBXProject "save" */;
			compatibilityVersion = "Xcode 8.0";
			developmentRegion = en;
			hasScannedForEncodings = 0;
			knownRegions = (
				en,
				Base,
			);
			mainGroup = 040294BC1F7B694700822444;
			productRefGroup = 040294C61F7B694700822444 /* Products */;
			projectDirPath = "";
			projectRoot = "";
			targets = (
				040294C41F7B694700822444 /* save */,
				040294D81F7B694700822444 /* saveTests */,
				040294E31F7B694700822444 /* saveUITests */,
			);
		};
/* End PBXProject section */

/* Begin PBXResourcesBuildPhase section */
		040294C31F7B694700822444 /* Resources */ = {
			isa = PBXResourcesBuildPhase;
			buildActionMask = 2147483647;
			files = (
				040294D31F7B694700822444 /* LaunchScreen.storyboard in Resources */,
				040294D01F7B694700822444 /* Assets.xcassets in Resources */,
				040294CE1F7B694700822444 /* Main.storyboard in Resources */,
			);
			runOnlyForDeploymentPostprocessing = 0;
		};
		040294D71F7B694700822444 /* Resources */ = {
			isa = PBXResourcesBuildPhase;
			buildActionMask = 2147483647;
			files = (
			);
			runOnlyForDeploymentPostprocessing = 0;
		};
		040294E21F7B694700822444 /* Resources */ = {
			isa = PBXResourcesBuildPhase;
			buildActionMask = 2147483647;
			files = (
			);
			runOnlyForDeploymentPostprocessing = 0;
		};
/* End PBXResourcesBuildPhase section */

/* Begin PBXSourcesBuildPhase section */
		040294C11F7B694700822444 /* Sources */ = {
			isa = PBXSourcesBuildPhase;
			buildActionMask = 2147483647;
			files = (
				040294CB1F7B694700822444 /* ViewController.swift in Sources */,
				040294C91F7B694700822444 /* AppDelegate.swift in Sources */,
			);
			runOnlyForDeploymentPostprocessing = 0;
		};
		040294D51F7B694700822444 /* Sources */ = {
			isa = PBXSourcesBuildPhase;
			buildActionMask = 2147483647;
			files = (
				040294DE1F7B694700822444 /* saveTests.swift in Sources */,
			);
			runOnlyForDeploymentPostprocessing = 0;
		};
		040294E01F7B694700822444 /* Sources */ = {
			isa = PBXSourcesBuildPhase;
			buildActionMask = 2147483647;
			files = (
				040294E91F7B694700822444 /* saveUITests.swift in Sources */,
			);
			runOnlyForDeploymentPostprocessing = 0;
		};
/* End PBXSourcesBuildPhase section */

/* Begin PBXTargetDependency section */
		040294DB1F7B694700822444 /* PBXTargetDependency */ = {
			isa = PBXTargetDependency;
			target = 040294C41F7B694700822444 /* save */;
			targetProxy = 040294DA1F7B694700822444 /* PBXContainerItemProxy */;
		};
		040294E61F7B694700822444 /* PBXTargetDependency */ = {
			isa = PBXTargetDependency;
			target = 040294C41F7B694700822444 /* save */;
			targetProxy = 040294E51F7B694700822444 /* PBXContainerItemProxy */;
		};
/* End PBXTargetDependency section */

/* Begin PBXVariantGroup section */
		040294CC1F7B694700822444 /* Main.storyboard */ = {
			isa = PBXVariantGroup;
			children = (
				040294CD1F7B694700822444 /* Base */,
			);
			name = Main.storyboard;
			sourceTree = "<group>";
		};
		040294D11F7B694700822444 /* LaunchScreen.storyboard */ = {
			isa = PBXVariantGroup;
			children = (
				040294D21F7B694700822444 /* Base */,
			);
			name = LaunchScreen.storyboard;
			sourceTree = "<group>";
		};
/* End PBXVariantGroup section */

/* Begin XCBuildConfiguration section */
		040294EB1F7B694700822444 /* Debug */ = {
			isa = XCBuildConfiguration;
			buildSettings = {
				ALWAYS_SEARCH_USER_PATHS = NO;
				CLANG_ANALYZER_NONNULL = YES;
				CLANG_ANALYZER_NUMBER_OBJECT_CONVERSION = YES_AGGRESSIVE;
				CLANG_CXX_LANGUAGE_STANDARD = "gnu++14";
				CLANG_CXX_LIBRARY = "libc++";
				CLANG_ENABLE_MODULES = YES;
				CLANG_ENABLE_OBJC_ARC = YES;
				CLANG_WARN_BLOCK_CAPTURE_AUTORELEASING = YES;
				CLANG_WARN_BOOL_CONVERSION = YES;
				CLANG_WARN_COMMA = YES;
				CLANG_WARN_CONSTANT_CONVERSION = YES;
				CLANG_WARN_DIRECT_OBJC_ISA_USAGE = YES_ERROR;
				CLANG_WARN_DOCUMENTATION_COMMENTS = YES;
				CLANG_WARN_EMPTY_BODY = YES;
				CLANG_WARN_ENUM_CONVERSION = YES;
				CLANG_WARN_INFINITE_RECURSION = YES;
				CLANG_WARN_INT_CONVERSION = YES;
				CLANG_WARN_NON_LITERAL_NULL_CONVERSION = YES;
				CLANG_WARN_OBJC_LITERAL_CONVERSION = YES;
				CLANG_WARN_OBJC_ROOT_CLASS = YES_ERROR;
				CLANG_WARN_RANGE_LOOP_ANALYSIS = YES;
				CLANG_WARN_STRICT_PROTOTYPES = YES;
				CLANG_WARN_SUSPICIOUS_MOVE = YES;
				CLANG_WARN_UNGUARDED_AVAILABILITY = YES_AGGRESSIVE;
				CLANG_WARN_UNREACHABLE_CODE = YES;
				CLANG_WARN__DUPLICATE_METHOD_MATCH = YES;
				CODE_SIGN_IDENTITY = "iPhone Developer";
				COPY_PHASE_STRIP = NO;
				DEBUG_INFORMATION_FORMAT = dwarf;
				ENABLE_STRICT_OBJC_MSGSEND = YES;
				ENABLE_TESTABILITY = YES;
				GCC_C_LANGUAGE_STANDARD = gnu11;
				GCC_DYNAMIC_NO_PIC = NO;
				GCC_NO_COMMON_BLOCKS = YES;
				GCC_OPTIMIZATION_LEVEL = 0;
				GCC_PREPROCESSOR_DEFINITIONS = (
					"DEBUG=1",
					"$(inherited)",
				);
				GCC_WARN_64_TO_32_BIT_CONVERSION = YES;
				GCC_WARN_ABOUT_RETURN_TYPE = YES_ERROR;
				GCC_WARN_UNDECLARED_SELECTOR = YES;
				GCC_WARN_UNINITIALIZED_AUTOS = YES_AGGRESSIVE;
				GCC_WARN_UNUSED_FUNCTION = YES;
				GCC_WARN_UNUSED_VARIABLE = YES;
				IPHONEOS_DEPLOYMENT_TARGET = 11.0;
				MTL_ENABLE_DEBUG_INFO = YES;
				ONLY_ACTIVE_ARCH = YES;
				SDKROOT = iphoneos;
				SWIFT_ACTIVE_COMPILATION_CONDITIONS = DEBUG;
				SWIFT_OPTIMIZATION_LEVEL = "-Onone";
			};
			name = Debug;
		};
		040294EC1F7B694700822444 /* Release */ = {
			isa = XCBuildConfiguration;
			buildSettings = {
				ALWAYS_SEARCH_USER_PATHS = NO;
				CLANG_ANALYZER_NONNULL = YES;
				CLANG_ANALYZER_NUMBER_OBJECT_CONVERSION = YES_AGGRESSIVE;
				CLANG_CXX_LANGUAGE_STANDARD = "gnu++14";
				CLANG_CXX_LIBRARY = "libc++";
				CLANG_ENABLE_MODULES = YES;
				CLANG_ENABLE_OBJC_ARC = YES;
				CLANG_WARN_BLOCK_CAPTURE_AUTORELEASING = YES;
				CLANG_WARN_BOOL_CONVERSION = YES;
				CLANG_WARN_COMMA = YES;
				CLANG_WARN_CONSTANT_CONVERSION = YES;
				CLANG_WARN_DIRECT_OBJC_ISA_USAGE = YES_ERROR;
				CLANG_WARN_DOCUMENTATION_COMMENTS = YES;
				CLANG_WARN_EMPTY_BODY = YES;
				CLANG_WARN_ENUM_CONVERSION = YES;
				CLANG_WARN_INFINITE_RECURSION = YES;
				CLANG_WARN_INT_CONVERSION = YES;
				CLANG_WARN_NON_LITERAL_NULL_CONVERSION = YES;
				CLANG_WARN_OBJC_LITERAL_CONVERSION = YES;
				CLANG_WARN_OBJC_ROOT_CLASS = YES_ERROR;
				CLANG_WARN_RANGE_LOOP_ANALYSIS = YES;
				CLANG_WARN_STRICT_PROTOTYPES = YES;
				CLANG_WARN_SUSPICIOUS_MOVE = YES;
				CLANG_WARN_UNGUARDED_AVAILABILITY = YES_AGGRESSIVE;
				CLANG_WARN_UNREACHABLE_CODE = YES;
				CLANG_WARN__DUPLICATE_METHOD_MATCH = YES;
				CODE_SIGN_IDENTITY = "iPhone Developer";
				COPY_PHASE_STRIP = NO;
				DEBUG_INFORMATION_FORMAT = "dwarf-with-dsym";
				ENABLE_NS_ASSERTIONS = NO;
				ENABLE_STRICT_OBJC_MSGSEND = YES;
				GCC_C_LANGUAGE_STANDARD = gnu11;
				GCC_NO_COMMON_BLOCKS = YES;
				GCC_WARN_64_TO_32_BIT_CONVERSION = YES;
				GCC_WARN_ABOUT_RETURN_TYPE = YES_ERROR;
				GCC_WARN_UNDECLARED_SELECTOR = YES;
				GCC_WARN_UNINITIALIZED_AUTOS = YES_AGGRESSIVE;
				GCC_WARN_UNUSED_FUNCTION = YES;
				GCC_WARN_UNUSED_VARIABLE = YES;
				IPHONEOS_DEPLOYMENT_TARGET = 11.0;
				MTL_ENABLE_DEBUG_INFO = NO;
				SDKROOT = iphoneos;
				SWIFT_OPTIMIZATION_LEVEL = "-Owholemodule";
				VALIDATE_PRODUCT = YES;
			};
			name = Release;
		};
		040294EE1F7B694700822444 /* Debug */ = {
			isa = XCBuildConfiguration;
			buildSettings = {
				ASSETCATALOG_COMPILER_APPICON_NAME = AppIcon;
				CODE_SIGN_STYLE = Automatic;
				DEVELOPMENT_TEAM = 9RWL9BWXDB;
				INFOPLIST_FILE = save/Info.plist;
				LD_RUNPATH_SEARCH_PATHS = "$(inherited) @executable_path/Frameworks";
				PRODUCT_BUNDLE_IDENTIFIER = com.default.save;
				PRODUCT_NAME = "$(TARGET_NAME)";
				SWIFT_VERSION = 4.0;
				TARGETED_DEVICE_FAMILY = "1,2";
			};
			name = Debug;
		};
		040294EF1F7B694700822444 /* Release */ = {
			isa = XCBuildConfiguration;
			buildSettings = {
				ASSETCATALOG_COMPILER_APPICON_NAME = AppIcon;
				CODE_SIGN_STYLE = Automatic;
				DEVELOPMENT_TEAM = 9RWL9BWXDB;
				INFOPLIST_FILE = save/Info.plist;
				LD_RUNPATH_SEARCH_PATHS = "$(inherited) @executable_path/Frameworks";
				PRODUCT_BUNDLE_IDENTIFIER = com.default.save;
				PRODUCT_NAME = "$(TARGET_NAME)";
				SWIFT_VERSION = 4.0;
				TARGETED_DEVICE_FAMILY = "1,2";
			};
			name = Release;
		};
		040294F11F7B694700822444 /* Debug */ = {
			isa = XCBuildConfiguration;
			buildSettings = {
				ALWAYS_EMBED_SWIFT_STANDARD_LIBRARIES = YES;
				BUNDLE_LOADER = "$(TEST_HOST)";
				CODE_SIGN_STYLE = Automatic;
				DEVELOPMENT_TEAM = 9RWL9BWXDB;
				INFOPLIST_FILE = saveTests/Info.plist;
				LD_RUNPATH_SEARCH_PATHS = "$(inherited) @executable_path/Frameworks @loader_path/Frameworks";
				PRODUCT_BUNDLE_IDENTIFIER = com.default.saveTests;
				PRODUCT_NAME = "$(TARGET_NAME)";
				SWIFT_VERSION = 4.0;
				TARGETED_DEVICE_FAMILY = "1,2";
				TEST_HOST = "$(BUILT_PRODUCTS_DIR)/save.app/save";
			};
			name = Debug;
		};
		040294F21F7B694700822444 /* Release */ = {
			isa = XCBuildConfiguration;
			buildSettings = {
				ALWAYS_EMBED_SWIFT_STANDARD_LIBRARIES = YES;
				BUNDLE_LOADER = "$(TEST_HOST)";
				CODE_SIGN_STYLE = Automatic;
				DEVELOPMENT_TEAM = 9RWL9BWXDB;
				INFOPLIST_FILE = saveTests/Info.plist;
				LD_RUNPATH_SEARCH_PATHS = "$(inherited) @executable_path/Frameworks @loader_path/Frameworks";
				PRODUCT_BUNDLE_IDENTIFIER = com.default.saveTests;
				PRODUCT_NAME = "$(TARGET_NAME)";
				SWIFT_VERSION = 4.0;
				TARGETED_DEVICE_FAMILY = "1,2";
				TEST_HOST = "$(BUILT_PRODUCTS_DIR)/save.app/save";
			};
			name = Release;
		};
		040294F41F7B694700822444 /* Debug */ = {
			isa = XCBuildConfiguration;
			buildSettings = {
				ALWAYS_EMBED_SWIFT_STANDARD_LIBRARIES = YES;
				CODE_SIGN_STYLE = Automatic;
				DEVELOPMENT_TEAM = 9RWL9BWXDB;
				INFOPLIST_FILE = saveUITests/Info.plist;
				LD_RUNPATH_SEARCH_PATHS = "$(inherited) @executable_path/Frameworks @loader_path/Frameworks";
				PRODUCT_BUNDLE_IDENTIFIER = com.default.saveUITests;
				PRODUCT_NAME = "$(TARGET_NAME)";
				SWIFT_VERSION = 4.0;
				TARGETED_DEVICE_FAMILY = "1,2";
				TEST_TARGET_NAME = save;
			};
			name = Debug;
		};
		040294F51F7B694700822444 /* Release */ = {
			isa = XCBuildConfiguration;
			buildSettings = {
				ALWAYS_EMBED_SWIFT_STANDARD_LIBRARIES = YES;
				CODE_SIGN_STYLE = Automatic;
				DEVELOPMENT_TEAM = 9RWL9BWXDB;
				INFOPLIST_FILE = saveUITests/Info.plist;
				LD_RUNPATH_SEARCH_PATHS = "$(inherited) @executable_path/Frameworks @loader_path/Frameworks";
				PRODUCT_BUNDLE_IDENTIFIER = com.default.saveUITests;
				PRODUCT_NAME = "$(TARGET_NAME)";
				SWIFT_VERSION = 4.0;
				TARGETED_DEVICE_FAMILY = "1,2";
				TEST_TARGET_NAME = save;
			};
			name = Release;
		};
/* End XCBuildConfiguration section */

/* Begin XCConfigurationList section */
		040294C01F7B694700822444 /* Build configuration list for PBXProject "save" */ = {
			isa = XCConfigurationList;
			buildConfigurations = (
				040294EB1F7B694700822444 /* Debug */,
				040294EC1F7B694700822444 /* Release */,
			);
			defaultConfigurationIsVisible = 0;
			defaultConfigurationName = Release;
		};
		040294ED1F7B694700822444 /* Build configuration list for PBXNativeTarget "save" */ = {
			isa = XCConfigurationList;
			buildConfigurations = (
				040294EE1F7B694700822444 /* Debug */,
				040294EF1F7B694700822444 /* Release */,
			);
			defaultConfigurationIsVisible = 0;
			defaultConfigurationName = Release;
		};
		040294F01F7B694700822444 /* Build configuration list for PBXNativeTarget "saveTests" */ = {
			isa = XCConfigurationList;
			buildConfigurations = (
				040294F11F7B694700822444 /* Debug */,
				040294F21F7B694700822444 /* Release */,
			);
			defaultConfigurationIsVisible = 0;
			defaultConfigurationName = Release;
		};
		040294F31F7B694700822444 /* Build configuration list for PBXNativeTarget "saveUITests" */ = {
			isa = XCConfigurationList;
			buildConfigurations = (
				040294F41F7B694700822444 /* Debug */,
				040294F51F7B694700822444 /* Release */,
			);
			defaultConfigurationIsVisible = 0;
			defaultConfigurationName = Release;
		};
/* End XCConfigurationList section */
	};
	rootObject = 040294BD1F7B694700822444 /* Project object */;
}
